
Microsoft Visual Studio Solution File, Format Version 12.00
# Visual Studio Version 17
VisualStudioVersion = 17.7.34202.233
MinimumVisualStudioVersion = 10.0.40219.1
Project("{9A19103F-16F7-4668-BE54-9A1E7A4F7556}") = "QuineMcCluskey", "QuineMcCluskey\QuineMcCluskey.csproj", "{380F740B-33E8-4D80-8076-165F8EEF0AB6}"
EndProject
Project("{FAE04EC0-301F-11D3-BF4B-00C04F79EFBC}") = "QMC_UnitTest", "QMC_UnitTest\QMC_UnitTest.csproj", "{E1BABE36-4D30-4CC5-AD7F-6E766B28B6A4}"
EndProject
Global
	GlobalSection(SolutionConfigurationPlatforms) = preSolution
		Debug|Any CPU = Debug|Any CPU
		Release|Any CPU = Release|Any CPU
	EndGlobalSection
	GlobalSection(ProjectConfigurationPlatforms) = postSolution
		{380F740B-33E8-4D80-8076-165F8EEF0AB6}.Debug|Any CPU.ActiveCfg = Debug|Any CPU
		{380F740B-33E8-4D80-8076-165F8EEF0AB6}.Debug|Any CPU.Build.0 = Debug|Any CPU
		{380F740B-33E8-4D80-8076-165F8EEF0AB6}.Release|Any CPU.ActiveCfg = Release|Any CPU
		{380F740B-33E8-4D80-8076-165F8EEF0AB6}.Release|Any CPU.Build.0 = Release|Any CPU
		{E1BABE36-4D30-4CC5-AD7F-6E766B28B6A4}.Debug|Any CPU.ActiveCfg = Debug|Any CPU
		{E1BABE36-4D30-4CC5-AD7F-6E766B28B6A4}.Debug|Any CPU.Build.0 = Debug|Any CPU
		{E1BABE36-4D30-4CC5-AD7F-6E766B28B6A4}.Release|Any CPU.ActiveCfg = Release|Any CPU
		{E1BABE36-4D30-4CC5-AD7F-6E766B28B6A4}.Release|Any CPU.Build.0 = Release|Any CPU
	EndGlobalSection
	GlobalSection(SolutionProperties) = preSolution
		HideSolutionNode = FALSE
	EndGlobalSection
	GlobalSection(ExtensibilityGlobals) = postSolution
		SolutionGuid = {DCD8EA3C-2F0B-43CB-AE9E-B84C9163BCCE}
	EndGlobalSection
EndGlobal
